
Microsoft Visual Studio Solution File, Format Version 11.00
# Visual Studio 2010
Project("{FAE04EC0-301F-11D3-BF4B-00C04F79EFBC}") = "Assembly-CSharp", "Assembly-CSharp.csproj", "{7278F2C8-E121-76AD-DE91-F315D2143A17}"
EndProject
Project("{FAE04EC0-301F-11D3-BF4B-00C04F79EFBC}") = "Assembly-CSharp-firstpass", "Assembly-CSharp-firstpass.csproj", "{023E3296-731B-337C-A4E8-4C38B01AD90B}"
EndProject
Global
	GlobalSection(SolutionConfigurationPlatforms) = preSolution
		Debug|Any CPU = Debug|Any CPU
		Release|Any CPU = Release|Any CPU
	EndGlobalSection
	GlobalSection(ProjectConfigurationPlatforms) = postSolution
		{7278F2C8-E121-76AD-DE91-F315D2143A17}.Debug|Any CPU.ActiveCfg = Debug|Any CPU
		{7278F2C8-E121-76AD-DE91-F315D2143A17}.Debug|Any CPU.Build.0 = Debug|Any CPU
		{7278F2C8-E121-76AD-DE91-F315D2143A17}.Release|Any CPU.ActiveCfg = Release|Any CPU
		{7278F2C8-E121-76AD-DE91-F315D2143A17}.Release|Any CPU.Build.0 = Release|Any CPU
		{023E3296-731B-337C-A4E8-4C38B01AD90B}.Debug|Any CPU.ActiveCfg = Debug|Any CPU
		{023E3296-731B-337C-A4E8-4C38B01AD90B}.Debug|Any CPU.Build.0 = Debug|Any CPU
		{023E3296-731B-337C-A4E8-4C38B01AD90B}.Release|Any CPU.ActiveCfg = Release|Any CPU
		{023E3296-731B-337C-A4E8-4C38B01AD90B}.Release|Any CPU.Build.0 = Release|Any CPU
	EndGlobalSection
	GlobalSection(SolutionProperties) = preSolution
		HideSolutionNode = FALSE
	EndGlobalSection
EndGlobal
